
Microsoft Visual Studio Solution File, Format Version 12.00
# Visual Studio Version 17
VisualStudioVersion = 17.10.35122.118
MinimumVisualStudioVersion = 10.0.40219.1
Project("{FAE04EC0-301F-11D3-BF4B-00C04F79EFBC}") = "LibraryDBM", "LibraryDBM\LibraryDBM.csproj", "{F63AEF66-81F7-4C58-A225-05E1EE29A4AA}"
EndProject
Global
	GlobalSection(SolutionConfigurationPlatforms) = preSolution
		Debug|Any CPU = Debug|Any CPU
		Release|Any CPU = Release|Any CPU
	EndGlobalSection
	GlobalSection(ProjectConfigurationPlatforms) = postSolution
		{F63AEF66-81F7-4C58-A225-05E1EE29A4AA}.Debug|Any CPU.ActiveCfg = Debug|Any CPU
		{F63AEF66-81F7-4C58-A225-05E1EE29A4AA}.Debug|Any CPU.Build.0 = Debug|Any CPU
		{F63AEF66-81F7-4C58-A225-05E1EE29A4AA}.Release|Any CPU.ActiveCfg = Release|Any CPU
		{F63AEF66-81F7-4C58-A225-05E1EE29A4AA}.Release|Any CPU.Build.0 = Release|Any CPU
	EndGlobalSection
	GlobalSection(SolutionProperties) = preSolution
		HideSolutionNode = FALSE
	EndGlobalSection
	GlobalSection(ExtensibilityGlobals) = postSolution
		SolutionGuid = {A87EFC06-BF89-420F-934E-A14F126B0F9A}
	EndGlobalSection
EndGlobal
